
Microsoft Visual Studio Solution File, Format Version 12.00
# Visual Studio Version 16
VisualStudioVersion = 16.0.31129.286
MinimumVisualStudioVersion = 10.0.40219.1
Project("{9A19103F-16F7-4668-BE54-9A1E7A4F7556}") = "Teleporter", "Teleporter.csproj", "{F4DC3EAD-1A9F-4345-98AD-EE05BBB4969D}"
EndProject
Global
	GlobalSection(SolutionConfigurationPlatforms) = preSolution
		Debug|Any CPU = Debug|Any CPU
		Debug|x86 = Debug|x86
		Release|Any CPU = Release|Any CPU
		Release|x86 = Release|x86
	EndGlobalSection
	GlobalSection(ProjectConfigurationPlatforms) = postSolution
		{F4DC3EAD-1A9F-4345-98AD-EE05BBB4969D}.Debug|Any CPU.ActiveCfg = Debug|Any CPU
		{F4DC3EAD-1A9F-4345-98AD-EE05BBB4969D}.Debug|Any CPU.Build.0 = Debug|Any CPU
		{F4DC3EAD-1A9F-4345-98AD-EE05BBB4969D}.Debug|x86.ActiveCfg = Debug|x86
		{F4DC3EAD-1A9F-4345-98AD-EE05BBB4969D}.Debug|x86.Build.0 = Debug|x86
		{F4DC3EAD-1A9F-4345-98AD-EE05BBB4969D}.Release|Any CPU.ActiveCfg = Release|Any CPU
		{F4DC3EAD-1A9F-4345-98AD-EE05BBB4969D}.Release|Any CPU.Build.0 = Release|Any CPU
		{F4DC3EAD-1A9F-4345-98AD-EE05BBB4969D}.Release|x86.ActiveCfg = Release|x86
		{F4DC3EAD-1A9F-4345-98AD-EE05BBB4969D}.Release|x86.Build.0 = Release|x86
	EndGlobalSection
	GlobalSection(SolutionProperties) = preSolution
		HideSolutionNode = FALSE
	EndGlobalSection
	GlobalSection(ExtensibilityGlobals) = postSolution
		SolutionGuid = {03FA8C44-B0C3-4520-B650-9E045088EBCE}
	EndGlobalSection
EndGlobal
